
Microsoft Visual Studio Solution File, Format Version 12.00
# Visual Studio Version 17
VisualStudioVersion = 17.3.32825.248
MinimumVisualStudioVersion = 10.0.40219.1
Project("{9A19103F-16F7-4668-BE54-9A1E7A4F7556}") = "Model", "Model\Model.csproj", "{7FF2731A-11E5-4188-8651-7AACC9FCEBD0}"
EndProject
Project("{9A19103F-16F7-4668-BE54-9A1E7A4F7556}") = "WPF_Visualize", "WPF_Visualize\WPF_Visualize.csproj", "{35FFBC6F-84A7-461E-86AB-FD61D573BED8}"
EndProject
Project("{9A19103F-16F7-4668-BE54-9A1E7A4F7556}") = "Controller", "Controller\Controller.csproj", "{F1AB6D43-9F2D-42DE-85BB-597DB543693C}"
EndProject
Project("{FAE04EC0-301F-11D3-BF4B-00C04F79EFBC}") = "TestProject", "TestProject\TestProject.csproj", "{D5228E21-4C23-436B-AB68-09F3EF953B4F}"
EndProject
Global
	GlobalSection(SolutionConfigurationPlatforms) = preSolution
		Debug|Any CPU = Debug|Any CPU
		Release|Any CPU = Release|Any CPU
	EndGlobalSection
	GlobalSection(ProjectConfigurationPlatforms) = postSolution
		{7FF2731A-11E5-4188-8651-7AACC9FCEBD0}.Debug|Any CPU.ActiveCfg = Debug|Any CPU
		{7FF2731A-11E5-4188-8651-7AACC9FCEBD0}.Debug|Any CPU.Build.0 = Debug|Any CPU
		{7FF2731A-11E5-4188-8651-7AACC9FCEBD0}.Release|Any CPU.ActiveCfg = Release|Any CPU
		{7FF2731A-11E5-4188-8651-7AACC9FCEBD0}.Release|Any CPU.Build.0 = Release|Any CPU
		{35FFBC6F-84A7-461E-86AB-FD61D573BED8}.Debug|Any CPU.ActiveCfg = Debug|Any CPU
		{35FFBC6F-84A7-461E-86AB-FD61D573BED8}.Debug|Any CPU.Build.0 = Debug|Any CPU
		{35FFBC6F-84A7-461E-86AB-FD61D573BED8}.Release|Any CPU.ActiveCfg = Release|Any CPU
		{35FFBC6F-84A7-461E-86AB-FD61D573BED8}.Release|Any CPU.Build.0 = Release|Any CPU
		{F1AB6D43-9F2D-42DE-85BB-597DB543693C}.Debug|Any CPU.ActiveCfg = Debug|Any CPU
		{F1AB6D43-9F2D-42DE-85BB-597DB543693C}.Debug|Any CPU.Build.0 = Debug|Any CPU
		{F1AB6D43-9F2D-42DE-85BB-597DB543693C}.Release|Any CPU.ActiveCfg = Release|Any CPU
		{F1AB6D43-9F2D-42DE-85BB-597DB543693C}.Release|Any CPU.Build.0 = Release|Any CPU
		{D5228E21-4C23-436B-AB68-09F3EF953B4F}.Debug|Any CPU.ActiveCfg = Debug|Any CPU
		{D5228E21-4C23-436B-AB68-09F3EF953B4F}.Debug|Any CPU.Build.0 = Debug|Any CPU
		{D5228E21-4C23-436B-AB68-09F3EF953B4F}.Release|Any CPU.ActiveCfg = Release|Any CPU
		{D5228E21-4C23-436B-AB68-09F3EF953B4F}.Release|Any CPU.Build.0 = Release|Any CPU
	EndGlobalSection
	GlobalSection(SolutionProperties) = preSolution
		HideSolutionNode = FALSE
	EndGlobalSection
	GlobalSection(ExtensibilityGlobals) = postSolution
		SolutionGuid = {924D395D-B3D3-4B94-8994-FDEB2A9385A1}
	EndGlobalSection
EndGlobal
